{
    "version": 3,
    "terraform_version": "0.7.3",
    "serial": 1,
    "lineage": "5260f9f4-70fd-42a8-811a-07bd87286b17",
    "modules": [
        {
            "path": [
                "root"
            ],
            "outputs": {
                "elb_dns": {
                    "sensitive": false,
                    "type": "string",
                    "value": "tf-lb-20160826122145801145493ger-1661937288.us-west-2.elb.amazonaws.com"
                },
                "ip": {
                    "sensitive": false,
                    "type": "list",
                    "value": [
                        "ec2-52-88-26-142.us-west-2.compute.amazonaws.com",
                        "ec2-52-43-238-92.us-west-2.compute.amazonaws.com"
                    ]
                },
                "rendered": {
                    "sensitive": false,
                    "type": "string",
                    "value": "#!/bin/bash\necho ECS_CLUSTER=elb_ecs_classice \u003e\u003e /etc/ecs/ecs.config\n"
                }
            },
            "resources": {
                "aws_ecs_cluster.main": {
                    "type": "aws_ecs_cluster",
                    "depends_on": [],
                    "primary": {
                        "id": "arn:aws:ecs:us-west-2:187416307283:cluster/elb_ecs_classice",
                        "attributes": {
                            "id": "arn:aws:ecs:us-west-2:187416307283:cluster/elb_ecs_classice",
                            "name": "elb_ecs_classice"
                        },
                        "meta": {},
                        "tainted": false
                    },
                    "deposed": [],
                    "provider": ""
                },
                "aws_ecs_service.outyet": {
                    "type": "aws_ecs_service",
                    "depends_on": [
                        "aws_ecs_cluster.main",
                        "aws_ecs_task_definition.outyet",
                        "aws_elb.main",
                        "aws_iam_role.ecs_service",
                        "aws_iam_role_policy.ecs_service"
                    ],
                    "primary": {
                        "id": "arn:aws:ecs:us-west-2:187416307283:service/outyet",
                        "attributes": {
                            "cluster": "arn:aws:ecs:us-west-2:187416307283:cluster/elb_ecs_classice",
                            "deployment_maximum_percent": "200",
                            "deployment_minimum_healthy_percent": "100",
                            "desired_count": "3",
                            "iam_role": "arn:aws:iam::187416307283:role/EcsService",
                            "id": "arn:aws:ecs:us-west-2:187416307283:service/outyet",
                            "load_balancer.#": "1",
                            "load_balancer.3129899682.container_name": "outyet",
                            "load_balancer.3129899682.container_port": "8080",
                            "load_balancer.3129899682.elb_name": "tf-lb-20160826122145801145493ger",
                            "load_balancer.3129899682.target_group_arn": "",
                            "name": "outyet",
                            "task_definition": "arn:aws:ecs:us-west-2:187416307283:task-definition/outyet_service:1"
                        },
                        "meta": {},
                        "tainted": false
                    },
                    "deposed": [],
                    "provider": ""
                },
                "aws_ecs_task_definition.outyet": {
                    "type": "aws_ecs_task_definition",
                    "depends_on": [],
                    "primary": {
                        "id": "outyet_service",
                        "attributes": {
                            "arn": "arn:aws:ecs:us-west-2:187416307283:task-definition/outyet_service:1",
                            "container_definitions": "6f3a5775b3caf084e6190d5ab49791f144a7b9ec",
                            "family": "outyet_service",
                            "id": "outyet_service",
                            "network_mode": "",
                            "revision": "1",
                            "task_role_arn": ""
                        },
                        "meta": {},
                        "tainted": false
                    },
                    "deposed": [],
                    "provider": ""
                },
                "aws_elb.main": {
                    "type": "aws_elb",
                    "depends_on": [
                        "aws_security_group.tf_test_sg_ssh",
                        "aws_subnet.tf_test_subnet"
                    ],
                    "primary": {
                        "id": "tf-lb-20160826122145801145493ger",
                        "attributes": {
                            "access_logs.#": "0",
                            "availability_zones.#": "1",
                            "availability_zones.221770259": "us-west-2b",
                            "connection_draining": "false",
                            "connection_draining_timeout": "300",
                            "cross_zone_load_balancing": "true",
                            "dns_name": "tf-lb-20160826122145801145493ger-1661937288.us-west-2.elb.amazonaws.com",
                            "health_check.#": "1",
                            "health_check.0.healthy_threshold": "10",
                            "health_check.0.interval": "30",
                            "health_check.0.target": "TCP:8080",
                            "health_check.0.timeout": "5",
                            "health_check.0.unhealthy_threshold": "2",
                            "id": "tf-lb-20160826122145801145493ger",
                            "idle_timeout": "60",
                            "instances.#": "1",
                            "instances.1064632633": "i-64ae11f1",
                            "internal": "false",
                            "listener.#": "1",
                            "listener.3931999347.instance_port": "8080",
                            "listener.3931999347.instance_protocol": "http",
                            "listener.3931999347.lb_port": "80",
                            "listener.3931999347.lb_protocol": "http",
                            "listener.3931999347.ssl_certificate_id": "",
                            "name": "tf-lb-20160826122145801145493ger",
                            "security_groups.#": "1",
                            "security_groups.3968591105": "sg-0d1d046b",
                            "source_security_group": "187416307283/tf_test_sg_ssh",
                            "source_security_group_id": "sg-0d1d046b",
                            "subnets.#": "1",
                            "subnets.1507841096": "subnet-37bd9853",
                            "tags.%": "0",
                            "zone_id": "Z1H1FL5HABSF5"
                        },
                        "meta": {},
                        "tainted": false
                    },
                    "deposed": [],
                    "provider": ""
                },
                "aws_iam_instance_profile.test_profile": {
                    "type": "aws_iam_instance_profile",
                    "depends_on": [
                        "aws_iam_role.ecs_service"
                    ],
                    "primary": {
                        "id": "test_profile",
                        "attributes": {
                            "arn": "arn:aws:iam::187416307283:instance-profile/test_profile",
                            "id": "test_profile",
                            "name": "test_profile",
                            "path": "/",
                            "roles.#": "1",
                            "roles.1868886960": "EcsService"
                        },
                        "meta": {},
                        "tainted": false
                    },
                    "deposed": [],
                    "provider": ""
                },
                "aws_iam_role.ecs_service": {
                    "type": "aws_iam_role",
                    "depends_on": [],
                    "primary": {
                        "id": "EcsService",
                        "attributes": {
                            "arn": "arn:aws:iam::187416307283:role/EcsService",
                            "assume_role_policy": "{\n    \"Version\": \"2012-10-17\",\n    \"Statement\": [\n        {\n            \"Action\": \"sts:AssumeRole\",\n            \"Principal\": {\"AWS\": \"*\"},\n            \"Effect\": \"Allow\",\n            \"Sid\": \"\"\n        }\n    ]\n}\n",
                            "id": "EcsService",
                            "name": "EcsService",
                            "path": "/",
                            "unique_id": "AROAJ3SNEZ5HYEUI3YDTW"
                        },
                        "meta": {},
                        "tainted": false
                    },
                    "deposed": [],
                    "provider": ""
                },
                "aws_iam_role_policy.ecs_service": {
                    "type": "aws_iam_role_policy",
                    "depends_on": [
                        "aws_iam_role.ecs_service"
                    ],
                    "primary": {
                        "id": "EcsService:EcsService",
                        "attributes": {
                            "id": "EcsService:EcsService",
                            "name": "EcsService",
                            "policy": "{\n  \"Version\": \"2012-10-17\",\n  \"Statement\": [\n    {\n      \"Effect\": \"Allow\",\n      \"Action\": [\n        \"elasticloadbalancing:*\",\n        \"ec2:*\",\n        \"ecs:*\"\n      ],\n      \"Resource\": [\n        \"*\"\n      ]\n    }\n  ]\n}\n",
                            "role": "EcsService"
                        },
                        "meta": {},
                        "tainted": false
                    },
                    "deposed": [],
                    "provider": ""
                },
                "aws_instance.ecs.0": {
                    "type": "aws_instance",
                    "depends_on": [
                        "aws_iam_instance_profile.test_profile",
                        "aws_key_pair.ssh_thing",
                        "aws_security_group.tf_test_sg_ssh",
                        "aws_subnet.tf_test_subnet",
                        "data.template_file.ecs-setup"
                    ],
                    "primary": {
                        "id": "i-16a21d83",
                        "attributes": {
                            "ami": "ami-2d1bce4d",
                            "associate_public_ip_address": "true",
                            "availability_zone": "us-west-2b",
                            "disable_api_termination": "false",
                            "ebs_block_device.#": "1",
                            "ebs_block_device.504524833.delete_on_termination": "true",
                            "ebs_block_device.504524833.device_name": "/dev/xvdcz",
                            "ebs_block_device.504524833.encrypted": "false",
                            "ebs_block_device.504524833.iops": "100",
                            "ebs_block_device.504524833.snapshot_id": "",
                            "ebs_block_device.504524833.volume_size": "22",
                            "ebs_block_device.504524833.volume_type": "gp2",
                            "ebs_optimized": "false",
                            "ephemeral_block_device.#": "0",
                            "iam_instance_profile": "test_profile",
                            "id": "i-16a21d83",
                            "instance_state": "running",
                            "instance_type": "t2.micro",
                            "key_name": "tf-testing-c",
                            "monitoring": "false",
                            "network_interface_id": "eni-1c114560",
                            "private_dns": "ip-10-0-0-245.us-west-2.compute.internal",
                            "private_ip": "10.0.0.245",
                            "public_dns": "ec2-52-88-26-142.us-west-2.compute.amazonaws.com",
                            "public_ip": "52.88.26.142",
                            "root_block_device.#": "1",
                            "root_block_device.0.delete_on_termination": "true",
                            "root_block_device.0.iops": "100",
                            "root_block_device.0.volume_size": "8",
                            "root_block_device.0.volume_type": "gp2",
                            "security_groups.#": "0",
                            "source_dest_check": "true",
                            "subnet_id": "subnet-37bd9853",
                            "tags.%": "1",
                            "tags.Name": "cts-ecs-thing",
                            "tenancy": "default",
                            "user_data": "a39a847abbd85f55e7e16edc727485ba32e7744e",
                            "vpc_security_group_ids.#": "1",
                            "vpc_security_group_ids.3968591105": "sg-0d1d046b"
                        },
                        "meta": {
                            "schema_version": "1"
                        },
                        "tainted": false
                    },
                    "deposed": [],
                    "provider": ""
                },
                "aws_instance.ecs.1": {
                    "type": "aws_instance",
                    "depends_on": [
                        "aws_iam_instance_profile.test_profile",
                        "aws_key_pair.ssh_thing",
                        "aws_security_group.tf_test_sg_ssh",
                        "aws_subnet.tf_test_subnet",
                        "data.template_file.ecs-setup"
                    ],
                    "primary": {
                        "id": "i-64ae11f1",
                        "attributes": {
                            "ami": "ami-2d1bce4d",
                            "associate_public_ip_address": "true",
                            "availability_zone": "us-west-2b",
                            "disable_api_termination": "false",
                            "ebs_block_device.#": "1",
                            "ebs_block_device.504524833.delete_on_termination": "true",
                            "ebs_block_device.504524833.device_name": "/dev/xvdcz",
                            "ebs_block_device.504524833.encrypted": "false",
                            "ebs_block_device.504524833.iops": "100",
                            "ebs_block_device.504524833.snapshot_id": "",
                            "ebs_block_device.504524833.volume_size": "22",
                            "ebs_block_device.504524833.volume_type": "gp2",
                            "ebs_optimized": "false",
                            "ephemeral_block_device.#": "0",
                            "iam_instance_profile": "test_profile",
                            "id": "i-64ae11f1",
                            "instance_state": "running",
                            "instance_type": "t2.micro",
                            "key_name": "tf-testing-c",
                            "monitoring": "false",
                            "network_interface_id": "eni-6ff6a313",
                            "private_dns": "ip-10-0-0-148.us-west-2.compute.internal",
                            "private_ip": "10.0.0.148",
                            "public_dns": "ec2-52-43-238-92.us-west-2.compute.amazonaws.com",
                            "public_ip": "52.43.238.92",
                            "root_block_device.#": "1",
                            "root_block_device.0.delete_on_termination": "true",
                            "root_block_device.0.iops": "100",
                            "root_block_device.0.volume_size": "8",
                            "root_block_device.0.volume_type": "gp2",
                            "security_groups.#": "0",
                            "source_dest_check": "true",
                            "subnet_id": "subnet-37bd9853",
                            "tags.%": "1",
                            "tags.Name": "cts-ecs-thing",
                            "tenancy": "default",
                            "user_data": "a39a847abbd85f55e7e16edc727485ba32e7744e",
                            "vpc_security_group_ids.#": "1",
                            "vpc_security_group_ids.3968591105": "sg-0d1d046b"
                        },
                        "meta": {
                            "schema_version": "1"
                        },
                        "tainted": false
                    },
                    "deposed": [],
                    "provider": ""
                },
                "aws_internet_gateway.gw": {
                    "type": "aws_internet_gateway",
                    "depends_on": [
                        "aws_vpc.default"
                    ],
                    "primary": {
                        "id": "igw-479d4d23",
                        "attributes": {
                            "id": "igw-479d4d23",
                            "tags.%": "1",
                            "tags.Name": "main",
                            "vpc_id": "vpc-cc4776a8"
                        },
                        "meta": {},
                        "tainted": false
                    },
                    "deposed": [],
                    "provider": ""
                },
                "aws_key_pair.ssh_thing": {
                    "type": "aws_key_pair",
                    "depends_on": [],
                    "primary": {
                        "id": "tf-testing-c",
                        "attributes": {
                            "fingerprint": "af:e0:fa:f5:0e:da:61:71:1a:52:d0:ce:19:aa:76:81",
                            "id": "tf-testing-c",
                            "key_name": "tf-testing-c",
                            "public_key": "ssh-rsa AAAAB3NzaC1yc2EAAAABIwAAAQEA10T4rJSONubtWDkV+wgJgjplfFq0s1sVDju/ES5udFNNWgJJuuHmW+1TaVw7q1o+gOGyqVQkGLqT8NymHeG6GXz+SnimJtRKhNTAM+yPyELqDsyk4Wzr2wt8HI2D5n77/YD8KgP+jZ+Yi1Z0sOss/0ojyzsn363iGUu2MhB46+V8OM5CTKSfv9NEsuITy9WyJSwNAVA79H+Cx9fNtWKX5xlNAm5qVivq+k7mI+hhOXXN+hjGMpHMRXBuTiEoWS/8LLaq/gx1P3C1Qk0yJP+1LUOHKwjeDvQOZuSRAqNVhMTpMMpNlrs5lksZZqRmQI7QtmU7UWV2xx0P7q2zJomT6Q== clint@Skoll.local"
                        },
                        "meta": {
                            "schema_version": "1"
                        },
                        "tainted": false
                    },
                    "deposed": [],
                    "provider": ""
                },
                "aws_route_table.r": {
                    "type": "aws_route_table",
                    "depends_on": [
                        "aws_internet_gateway.gw",
                        "aws_vpc.default"
                    ],
                    "primary": {
                        "id": "rtb-11f11976",
                        "attributes": {
                            "id": "rtb-11f11976",
                            "propagating_vgws.#": "0",
                            "route.#": "1",
                            "route.2981174455.cidr_block": "0.0.0.0/0",
                            "route.2981174455.gateway_id": "igw-479d4d23",
                            "route.2981174455.instance_id": "",
                            "route.2981174455.nat_gateway_id": "",
                            "route.2981174455.network_interface_id": "",
                            "route.2981174455.vpc_peering_connection_id": "",
                            "tags.%": "1",
                            "tags.Name": "aws_route_table",
                            "vpc_id": "vpc-cc4776a8"
                        },
                        "meta": {},
                        "tainted": false
                    },
                    "deposed": [],
                    "provider": ""
                },
                "aws_route_table_association.a": {
                    "type": "aws_route_table_association",
                    "depends_on": [
                        "aws_route_table.r",
                        "aws_subnet.tf_test_subnet"
                    ],
                    "primary": {
                        "id": "rtbassoc-419dd126",
                        "attributes": {
                            "id": "rtbassoc-419dd126",
                            "route_table_id": "rtb-11f11976",
                            "subnet_id": "subnet-37bd9853"
                        },
                        "meta": {},
                        "tainted": false
                    },
                    "deposed": [],
                    "provider": ""
                },
                "aws_security_group.tf_test_sg_ssh": {
                    "type": "aws_security_group",
                    "depends_on": [
                        "aws_vpc.default"
                    ],
                    "primary": {
                        "id": "sg-0d1d046b",
                        "attributes": {
                            "description": "tf_test_sg_ssh",
                            "egress.#": "1",
                            "egress.482069346.cidr_blocks.#": "1",
                            "egress.482069346.cidr_blocks.0": "0.0.0.0/0",
                            "egress.482069346.from_port": "0",
                            "egress.482069346.prefix_list_ids.#": "0",
                            "egress.482069346.protocol": "-1",
                            "egress.482069346.security_groups.#": "0",
                            "egress.482069346.self": "false",
                            "egress.482069346.to_port": "0",
                            "id": "sg-0d1d046b",
                            "ingress.#": "3",
                            "ingress.1173512930.cidr_blocks.#": "1",
                            "ingress.1173512930.cidr_blocks.0": "0.0.0.0/0",
                            "ingress.1173512930.from_port": "80",
                            "ingress.1173512930.protocol": "tcp",
                            "ingress.1173512930.security_groups.#": "0",
                            "ingress.1173512930.self": "true",
                            "ingress.1173512930.to_port": "8080",
                            "ingress.16539965.cidr_blocks.#": "1",
                            "ingress.16539965.cidr_blocks.0": "0.0.0.0/0",
                            "ingress.16539965.from_port": "0",
                            "ingress.16539965.protocol": "tcp",
                            "ingress.16539965.security_groups.#": "0",
                            "ingress.16539965.self": "true",
                            "ingress.16539965.to_port": "22",
                            "ingress.2278085611.cidr_blocks.#": "1",
                            "ingress.2278085611.cidr_blocks.0": "0.0.0.0/0",
                            "ingress.2278085611.from_port": "8080",
                            "ingress.2278085611.protocol": "tcp",
                            "ingress.2278085611.security_groups.#": "0",
                            "ingress.2278085611.self": "true",
                            "ingress.2278085611.to_port": "8080",
                            "name": "tf_test_sg_ssh",
                            "owner_id": "187416307283",
                            "tags.%": "1",
                            "tags.Name": "tf_test_sg_ssh",
                            "vpc_id": "vpc-cc4776a8"
                        },
                        "meta": {},
                        "tainted": false
                    },
                    "deposed": [],
                    "provider": ""
                },
                "aws_subnet.tf_test_subnet": {
                    "type": "aws_subnet",
                    "depends_on": [
                        "aws_vpc.default"
                    ],
                    "primary": {
                        "id": "subnet-37bd9853",
                        "attributes": {
                            "availability_zone": "us-west-2b",
                            "cidr_block": "10.0.0.0/24",
                            "id": "subnet-37bd9853",
                            "map_public_ip_on_launch": "true",
                            "tags.%": "1",
                            "tags.Name": "tf_test_subnet",
                            "vpc_id": "vpc-cc4776a8"
                        },
                        "meta": {},
                        "tainted": false
                    },
                    "deposed": [],
                    "provider": ""
                },
                "aws_vpc.default": {
                    "type": "aws_vpc",
                    "depends_on": [],
                    "primary": {
                        "id": "vpc-cc4776a8",
                        "attributes": {
                            "cidr_block": "10.0.0.0/16",
                            "default_network_acl_id": "acl-4f40552b",
                            "default_route_table_id": "rtb-14f11973",
                            "default_security_group_id": "sg-031d0465",
                            "dhcp_options_id": "dopt-11ac7e74",
                            "enable_classiclink": "false",
                            "enable_dns_hostnames": "true",
                            "enable_dns_support": "true",
                            "id": "vpc-cc4776a8",
                            "instance_tenancy": "default",
                            "main_route_table_id": "rtb-14f11973",
                            "tags.%": "1",
                            "tags.Name": "default"
                        },
                        "meta": {},
                        "tainted": false
                    },
                    "deposed": [],
                    "provider": ""
                },
                "data.template_file.ecs-setup": {
                    "type": "template_file",
                    "depends_on": [
                        "aws_ecs_cluster.main"
                    ],
                    "primary": {
                        "id": "27483e64ee39ea810848560302096cd95dee2506d8973a36f6386697e13c04e9",
                        "attributes": {
                            "id": "27483e64ee39ea810848560302096cd95dee2506d8973a36f6386697e13c04e9",
                            "rendered": "#!/bin/bash\necho ECS_CLUSTER=elb_ecs_classice \u003e\u003e /etc/ecs/ecs.config\n",
                            "template": "#!/bin/bash\necho ECS_CLUSTER=${cluster} \u003e\u003e /etc/ecs/ecs.config\n",
                            "vars.%": "1",
                            "vars.cluster": "elb_ecs_classice"
                        },
                        "meta": {},
                        "tainted": false
                    },
                    "deposed": [],
                    "provider": ""
                }
            },
            "depends_on": []
        }
    ]
}
