{
    "version": 3,
    "terraform_version": "0.7.3",
    "serial": 12,
    "lineage": "f9c79f31-84cf-427c-b3f1-d19a103ebd40",
    "modules": [
        {
            "path": [
                "root"
            ],
            "outputs": {},
            "resources": {
                "aws_alb.ecs_alb": {
                    "type": "aws_alb",
                    "depends_on": [
                        "aws_security_group.main_sg",
                        "aws_subnet.public_subnet"
                    ],
                    "primary": {
                        "id": "arn:aws:elasticloadbalancing:us-west-2:187416307283:loadbalancer/app/cts-alb-ecs/b411700331c4dbf3",
                        "attributes": {
                            "access_logs.#": "0",
                            "arn": "arn:aws:elasticloadbalancing:us-west-2:187416307283:loadbalancer/app/cts-alb-ecs/b411700331c4dbf3",
                            "dns_name": "cts-alb-ecs-1930531914.us-west-2.elb.amazonaws.com",
                            "enable_deletion_protection": "true",
                            "id": "arn:aws:elasticloadbalancing:us-west-2:187416307283:loadbalancer/app/cts-alb-ecs/b411700331c4dbf3",
                            "idle_timeout": "60",
                            "internal": "false",
                            "name": "cts-alb-ecs",
                            "security_groups.#": "1",
                            "security_groups.3328156853": "sg-5f233a39",
                            "subnets.#": "3",
                            "subnets.1610362335": "subnet-44dc601c",
                            "subnets.3293492598": "subnet-7fe79a09",
                            "subnets.427997733": "subnet-fd89ac99",
                            "tags.%": "1",
                            "tags.Name": "alb_ecs_setup",
                            "vpc_id": "vpc-6b3e0f0f",
                            "zone_id": "Z1H1FL5HABSF5"
                        },
                        "meta": {},
                        "tainted": false
                    },
                    "deposed": [],
                    "provider": ""
                },
                "aws_security_group.main_sg": {
                    "type": "aws_security_group",
                    "depends_on": [
                        "aws_vpc.default"
                    ],
                    "primary": {
                        "id": "sg-5f233a39",
                        "attributes": {
                            "description": "main_sg",
                            "egress.#": "1",
                            "egress.482069346.cidr_blocks.#": "1",
                            "egress.482069346.cidr_blocks.0": "0.0.0.0/0",
                            "egress.482069346.from_port": "0",
                            "egress.482069346.prefix_list_ids.#": "0",
                            "egress.482069346.protocol": "-1",
                            "egress.482069346.security_groups.#": "0",
                            "egress.482069346.self": "false",
                            "egress.482069346.to_port": "0",
                            "id": "sg-5f233a39",
                            "ingress.#": "4",
                            "ingress.1173512930.cidr_blocks.#": "1",
                            "ingress.1173512930.cidr_blocks.0": "0.0.0.0/0",
                            "ingress.1173512930.from_port": "80",
                            "ingress.1173512930.protocol": "tcp",
                            "ingress.1173512930.security_groups.#": "0",
                            "ingress.1173512930.self": "true",
                            "ingress.1173512930.to_port": "8080",
                            "ingress.16539965.cidr_blocks.#": "1",
                            "ingress.16539965.cidr_blocks.0": "0.0.0.0/0",
                            "ingress.16539965.from_port": "0",
                            "ingress.16539965.protocol": "tcp",
                            "ingress.16539965.security_groups.#": "0",
                            "ingress.16539965.self": "true",
                            "ingress.16539965.to_port": "22",
                            "ingress.2048919217.cidr_blocks.#": "0",
                            "ingress.2048919217.from_port": "0",
                            "ingress.2048919217.protocol": "tcp",
                            "ingress.2048919217.security_groups.#": "0",
                            "ingress.2048919217.self": "true",
                            "ingress.2048919217.to_port": "0",
                            "ingress.2278085611.cidr_blocks.#": "1",
                            "ingress.2278085611.cidr_blocks.0": "0.0.0.0/0",
                            "ingress.2278085611.from_port": "8080",
                            "ingress.2278085611.protocol": "tcp",
                            "ingress.2278085611.security_groups.#": "0",
                            "ingress.2278085611.self": "true",
                            "ingress.2278085611.to_port": "8080",
                            "name": "main_sg",
                            "owner_id": "187416307283",
                            "tags.%": "1",
                            "tags.Name": "main_sg",
                            "vpc_id": "vpc-6b3e0f0f"
                        },
                        "meta": {},
                        "tainted": false
                    },
                    "deposed": [],
                    "provider": ""
                },
                "aws_subnet.public_subnet.0": {
                    "type": "aws_subnet",
                    "depends_on": [
                        "aws_vpc.default"
                    ],
                    "primary": {
                        "id": "subnet-7fe79a09",
                        "attributes": {
                            "availability_zone": "us-west-2a",
                            "cidr_block": "10.0.0.0/24",
                            "id": "subnet-7fe79a09",
                            "map_public_ip_on_launch": "true",
                            "tags.%": "1",
                            "tags.Name": "public_subnet_0",
                            "vpc_id": "vpc-6b3e0f0f"
                        },
                        "meta": {},
                        "tainted": false
                    },
                    "deposed": [],
                    "provider": ""
                },
                "aws_subnet.public_subnet.1": {
                    "type": "aws_subnet",
                    "depends_on": [
                        "aws_vpc.default"
                    ],
                    "primary": {
                        "id": "subnet-fd89ac99",
                        "attributes": {
                            "availability_zone": "us-west-2b",
                            "cidr_block": "10.0.1.0/24",
                            "id": "subnet-fd89ac99",
                            "map_public_ip_on_launch": "true",
                            "tags.%": "1",
                            "tags.Name": "public_subnet_1",
                            "vpc_id": "vpc-6b3e0f0f"
                        },
                        "meta": {},
                        "tainted": false
                    },
                    "deposed": [],
                    "provider": ""
                },
                "aws_subnet.public_subnet.2": {
                    "type": "aws_subnet",
                    "depends_on": [
                        "aws_vpc.default"
                    ],
                    "primary": {
                        "id": "subnet-44dc601c",
                        "attributes": {
                            "availability_zone": "us-west-2c",
                            "cidr_block": "10.0.2.0/24",
                            "id": "subnet-44dc601c",
                            "map_public_ip_on_launch": "true",
                            "tags.%": "1",
                            "tags.Name": "public_subnet_2",
                            "vpc_id": "vpc-6b3e0f0f"
                        },
                        "meta": {},
                        "tainted": false
                    },
                    "deposed": [],
                    "provider": ""
                },
                "aws_vpc.default": {
                    "type": "aws_vpc",
                    "depends_on": [],
                    "primary": {
                        "id": "vpc-6b3e0f0f",
                        "attributes": {
                            "cidr_block": "10.0.0.0/16",
                            "default_network_acl_id": "acl-2c657048",
                            "default_route_table_id": "rtb-2bde364c",
                            "default_security_group_id": "sg-52233a34",
                            "dhcp_options_id": "dopt-11ac7e74",
                            "enable_classiclink": "false",
                            "enable_dns_hostnames": "true",
                            "enable_dns_support": "true",
                            "id": "vpc-6b3e0f0f",
                            "instance_tenancy": "default",
                            "main_route_table_id": "rtb-2bde364c",
                            "tags.%": "1",
                            "tags.Name": "cts-ecs-vpc"
                        },
                        "meta": {},
                        "tainted": false
                    },
                    "deposed": [],
                    "provider": ""
                }
            },
            "depends_on": []
        }
    ]
}
